// !$*UTF8*$!
{
	archiveVersion = 1;
	classes = {
	};
	objectVersion = 46;
	objects = {

/* Begin PBXBuildFile section */
		4464C0E31C97D8530092B91D /* main.m in Sources */ = {isa = PBXBuildFile; fileRef = 4464C0E21C97D8530092B91D /* main.m */; };
		4464C0E61C97D8530092B91D /* AppDelegate.m in Sources */ = {isa = PBXBuildFile; fileRef = 4464C0E51C97D8530092B91D /* AppDelegate.m */; };
		4464C0E91C97D8530092B91D /* ViewController.m in Sources */ = {isa = PBXBuildFile; fileRef = 4464C0E81C97D8530092B91D /* ViewController.m */; };
		4464C0EC1C97D8530092B91D /* Main.storyboard in Resources */ = {isa = PBXBuildFile; fileRef = 4464C0EA1C97D8530092B91D /* Main.storyboard */; };
		4464C0EE1C97D8530092B91D /* Assets.xcassets in Resources */ = {isa = PBXBuildFile; fileRef = 4464C0ED1C97D8530092B91D /* Assets.xcassets */; };
		4464C0F11C97D8530092B91D /* LaunchScreen.storyboard in Resources */ = {isa = PBXBuildFile; fileRef = 4464C0EF1C97D8530092B91D /* LaunchScreen.storyboard */; };
		4464C0FC1C97D8530092B91D /* LZjadianTests.m in Sources */ = {isa = PBXBuildFile; fileRef = 4464C0FB1C97D8530092B91D /* LZjadianTests.m */; };
		4464C1071C97D8530092B91D /* LZjadianUITests.m in Sources */ = {isa = PBXBuildFile; fileRef = 4464C1061C97D8530092B91D /* LZjadianUITests.m */; };
/* End PBXBuildFile section */

/* Begin PBXContainerItemProxy section */
		4464C0F81C97D8530092B91D /* PBXContainerItemProxy */ = {
			isa = PBXContainerItemProxy;
			containerPortal = 4464C0D61C97D8530092B91D /* Project object */;
			proxyType = 1;
			remoteGlobalIDString = 4464C0DD1C97D8530092B91D;
			remoteInfo = LZjadian;
		};
		4464C1031C97D8530092B91D /* PBXContainerItemProxy */ = {
			isa = PBXContainerItemProxy;
			containerPortal = 4464C0D61C97D8530092B91D /* Project object */;
			proxyType = 1;
			remoteGlobalIDString = 4464C0DD1C97D8530092B91D;
			remoteInfo = LZjadian;
		};
/* End PBXContainerItemProxy section */

/* Begin PBXFileReference section */
		4464C0DE1C97D8530092B91D /* LZjadian.app */ = {isa = PBXFileReference; explicitFileType = wrapper.application; includeInIndex = 0; path = LZjadian.app; sourceTree = BUILT_PRODUCTS_DIR; };
		4464C0E21C97D8530092B91D /* main.m */ = {isa = PBXFileReference; lastKnownFileType = sourcecode.c.objc; path = main.m; sourceTree = "<group>"; };
		4464C0E41C97D8530092B91D /* AppDelegate.h */ = {isa = PBXFileReference; lastKnownFileType = sourcecode.c.h; path = AppDelegate.h; sourceTree = "<group>"; };
		4464C0E51C97D8530092B91D /* AppDelegate.m */ = {isa = PBXFileReference; lastKnownFileType = sourcecode.c.objc; path = AppDelegate.m; sourceTree = "<group>"; };
		4464C0E71C97D8530092B91D /* ViewController.h */ = {isa = PBXFileReference; lastKnownFileType = sourcecode.c.h; path = ViewController.h; sourceTree = "<group>"; };
		4464C0E81C97D8530092B91D /* ViewController.m */ = {isa = PBXFileReference; lastKnownFileType = sourcecode.c.objc; path = ViewController.m; sourceTree = "<group>"; };
		4464C0EB1C97D8530092B91D /* Base */ = {isa = PBXFileReference; lastKnownFileType = file.storyboard; name = Base; path = Base.lproj/Main.storyboard; sourceTree = "<group>"; };
		4464C0ED1C97D8530092B91D /* Assets.xcassets */ = {isa = PBXFileReference; lastKnownFileType = folder.assetcatalog; path = Assets.xcassets; sourceTree = "<group>"; };
		4464C0F01C97D8530092B91D /* Base */ = {isa = PBXFileReference; lastKnownFileType = file.storyboard; name = Base; path = Base.lproj/LaunchScreen.storyboard; sourceTree = "<group>"; };
		4464C0F21C97D8530092B91D /* Info.plist */ = {isa = PBXFileReference; lastKnownFileType = text.plist.xml; path = Info.plist; sourceTree = "<group>"; };
		4464C0F71C97D8530092B91D /* LZjadianTests.xctest */ = {isa = PBXFileReference; explicitFileType = wrapper.cfbundle; includeInIndex = 0; path = LZjadianTests.xctest; sourceTree = BUILT_PRODUCTS_DIR; };
		4464C0FB1C97D8530092B91D /* LZjadianTests.m */ = {isa = PBXFileReference; lastKnownFileType = sourcecode.c.objc; path = LZjadianTests.m; sourceTree = "<group>"; };
		4464C0FD1C97D8530092B91D /* Info.plist */ = {isa = PBXFileReference; lastKnownFileType = text.plist.xml; path = Info.plist; sourceTree = "<group>"; };
		4464C1021C97D8530092B91D /* LZjadianUITests.xctest */ = {isa = PBXFileReference; explicitFileType = wrapper.cfbundle; includeInIndex = 0; path = LZjadianUITests.xctest; sourceTree = BUILT_PRODUCTS_DIR; };
		4464C1061C97D8530092B91D /* LZjadianUITests.m */ = {isa = PBXFileReference; lastKnownFileType = sourcecode.c.objc; path = LZjadianUITests.m; sourceTree = "<group>"; };
		4464C1081C97D8530092B91D /* Info.plist */ = {isa = PBXFileReference; lastKnownFileType = text.plist.xml; path = Info.plist; sourceTree = "<group>"; };
/* End PBXFileReference section */

/* Begin PBXFrameworksBuildPhase section */
		4464C0DB1C97D8530092B91D /* Frameworks */ = {
			isa = PBXFrameworksBuildPhase;
			buildActionMask = 2147483647;
			files = (
			);
			runOnlyForDeploymentPostprocessing = 0;
		};
		4464C0F41C97D8530092B91D /* Frameworks */ = {
			isa = PBXFrameworksBuildPhase;
			buildActionMask = 2147483647;
			files = (
			);
			runOnlyForDeploymentPostprocessing = 0;
		};
		4464C0FF1C97D8530092B91D /* Frameworks */ = {
			isa = PBXFrameworksBuildPhase;
			buildActionMask = 2147483647;
			files = (
			);
			runOnlyForDeploymentPostprocessing = 0;
		};
/* End PBXFrameworksBuildPhase section */

/* Begin PBXGroup section */
		4464C0D51C97D8530092B91D = {
			isa = PBXGroup;
			children = (
				4464C0E01C97D8530092B91D /* LZjadian */,
				4464C0FA1C97D8530092B91D /* LZjadianTests */,
				4464C1051C97D8530092B91D /* LZjadianUITests */,
				4464C0DF1C97D8530092B91D /* Products */,
			);
			sourceTree = "<group>";
		};
		4464C0DF1C97D8530092B91D /* Products */ = {
			isa = PBXGroup;
			children = (
				4464C0DE1C97D8530092B91D /* LZjadian.app */,
				4464C0F71C97D8530092B91D /* LZjadianTests.xctest */,
				4464C1021C97D8530092B91D /* LZjadianUITests.xctest */,
			);
			name = Products;
			sourceTree = "<group>";
		};
		4464C0E01C97D8530092B91D /* LZjadian */ = {
			isa = PBXGroup;
			children = (
				4464C0E41C97D8530092B91D /* AppDelegate.h */,
				4464C0E51C97D8530092B91D /* AppDelegate.m */,
				4464C0E71C97D8530092B91D /* ViewController.h */,
				4464C0E81C97D8530092B91D /* ViewController.m */,
				4464C0EA1C97D8530092B91D /* Main.storyboard */,
				4464C0ED1C97D8530092B91D /* Assets.xcassets */,
				4464C0EF1C97D8530092B91D /* LaunchScreen.storyboard */,
				4464C0F21C97D8530092B91D /* Info.plist */,
				4464C0E11C97D8530092B91D /* Supporting Files */,
			);
			path = LZjadian;
			sourceTree = "<group>";
		};
		4464C0E11C97D8530092B91D /* Supporting Files */ = {
			isa = PBXGroup;
			children = (
				4464C0E21C97D8530092B91D /* main.m */,
			);
			name = "Supporting Files";
			sourceTree = "<group>";
		};
		4464C0FA1C97D8530092B91D /* LZjadianTests */ = {
			isa = PBXGroup;
			children = (
				4464C0FB1C97D8530092B91D /* LZjadianTests.m */,
				4464C0FD1C97D8530092B91D /* Info.plist */,
			);
			path = LZjadianTests;
			sourceTree = "<group>";
		};
		4464C1051C97D8530092B91D /* LZjadianUITests */ = {
			isa = PBXGroup;
			children = (
				4464C1061C97D8530092B91D /* LZjadianUITests.m */,
				4464C1081C97D8530092B91D /* Info.plist */,
			);
			path = LZjadianUITests;
			sourceTree = "<group>";
		};
/* End PBXGroup section */

/* Begin PBXNativeTarget section */
		4464C0DD1C97D8530092B91D /* LZjadian */ = {
			isa = PBXNativeTarget;
			buildConfigurationList = 4464C10B1C97D8530092B91D /* Build configuration list for PBXNativeTarget "LZjadian" */;
			buildPhases = (
				4464C0DA1C97D8530092B91D /* Sources */,
				4464C0DB1C97D8530092B91D /* Frameworks */,
				4464C0DC1C97D8530092B91D /* Resources */,
			);
			buildRules = (
			);
			dependencies = (
			);
			name = LZjadian;
			productName = LZjadian;
			productReference = 4464C0DE1C97D8530092B91D /* LZjadian.app */;
			productType = "com.apple.product-type.application";
		};
		4464C0F61C97D8530092B91D /* LZjadianTests */ = {
			isa = PBXNativeTarget;
			buildConfigurationList = 4464C10E1C97D8530092B91D /* Build configuration list for PBXNativeTarget "LZjadianTests" */;
			buildPhases = (
				4464C0F31C97D8530092B91D /* Sources */,
				4464C0F41C97D8530092B91D /* Frameworks */,
				4464C0F51C97D8530092B91D /* Resources */,
			);
			buildRules = (
			);
			dependencies = (
				4464C0F91C97D8530092B91D /* PBXTargetDependency */,
			);
			name = LZjadianTests;
			productName = LZjadianTests;
			productReference = 4464C0F71C97D8530092B91D /* LZjadianTests.xctest */;
			productType = "com.apple.product-type.bundle.unit-test";
		};
		4464C1011C97D8530092B91D /* LZjadianUITests */ = {
			isa = PBXNativeTarget;
			buildConfigurationList = 4464C1111C97D8530092B91D /* Build configuration list for PBXNativeTarget "LZjadianUITests" */;
			buildPhases = (
				4464C0FE1C97D8530092B91D /* Sources */,
				4464C0FF1C97D8530092B91D /* Frameworks */,
				4464C1001C97D8530092B91D /* Resources */,
			);
			buildRules = (
			);
			dependencies = (
				4464C1041C97D8530092B91D /* PBXTargetDependency */,
			);
			name = LZjadianUITests;
			productName = LZjadianUITests;
			productReference = 4464C1021C97D8530092B91D /* LZjadianUITests.xctest */;
			productType = "com.apple.product-type.bundle.ui-testing";
		};
/* End PBXNativeTarget section */

/* Begin PBXProject section */
		4464C0D61C97D8530092B91D /* Project object */ = {
			isa = PBXProject;
			attributes = {
				LastUpgradeCheck = 0720;
				ORGANIZATIONNAME = "张 荣桂";
				TargetAttributes = {
					4464C0DD1C97D8530092B91D = {
						CreatedOnToolsVersion = 7.2.1;
					};
					4464C0F61C97D8530092B91D = {
						CreatedOnToolsVersion = 7.2.1;
						TestTargetID = 4464C0DD1C97D8530092B91D;
					};
					4464C1011C97D8530092B91D = {
						CreatedOnToolsVersion = 7.2.1;
						TestTargetID = 4464C0DD1C97D8530092B91D;
					};
				};
			};
			buildConfigurationList = 4464C0D91C97D8530092B91D /* Build configuration list for PBXProject "LZjadian" */;
			compatibilityVersion = "Xcode 3.2";
			developmentRegion = English;
			hasScannedForEncodings = 0;
			knownRegions = (
				en,
				Base,
			);
			mainGroup = 4464C0D51C97D8530092B91D;
			productRefGroup = 4464C0DF1C97D8530092B91D /* Products */;
			projectDirPath = "";
			projectRoot = "";
			targets = (
				4464C0DD1C97D8530092B91D /* LZjadian */,
				4464C0F61C97D8530092B91D /* LZjadianTests */,
				4464C1011C97D8530092B91D /* LZjadianUITests */,
			);
		};
/* End PBXProject section */

/* Begin PBXResourcesBuildPhase section */
		4464C0DC1C97D8530092B91D /* Resources */ = {
			isa = PBXResourcesBuildPhase;
			buildActionMask = 2147483647;
			files = (
				4464C0F11C97D8530092B91D /* LaunchScreen.storyboard in Resources */,
				4464C0EE1C97D8530092B91D /* Assets.xcassets in Resources */,
				4464C0EC1C97D8530092B91D /* Main.storyboard in Resources */,
			);
			runOnlyForDeploymentPostprocessing = 0;
		};
		4464C0F51C97D8530092B91D /* Resources */ = {
			isa = PBXResourcesBuildPhase;
			buildActionMask = 2147483647;
			files = (
			);
			runOnlyForDeploymentPostprocessing = 0;
		};
		4464C1001C97D8530092B91D /* Resources */ = {
			isa = PBXResourcesBuildPhase;
			buildActionMask = 2147483647;
			files = (
			);
			runOnlyForDeploymentPostprocessing = 0;
		};
/* End PBXResourcesBuildPhase section */

/* Begin PBXSourcesBuildPhase section */
		4464C0DA1C97D8530092B91D /* Sources */ = {
			isa = PBXSourcesBuildPhase;
			buildActionMask = 2147483647;
			files = (
				4464C0E91C97D8530092B91D /* ViewController.m in Sources */,
				4464C0E61C97D8530092B91D /* AppDelegate.m in Sources */,
				4464C0E31C97D8530092B91D /* main.m in Sources */,
			);
			runOnlyForDeploymentPostprocessing = 0;
		};
		4464C0F31C97D8530092B91D /* Sources */ = {
			isa = PBXSourcesBuildPhase;
			buildActionMask = 2147483647;
			files = (
				4464C0FC1C97D8530092B91D /* LZjadianTests.m in Sources */,
			);
			runOnlyForDeploymentPostprocessing = 0;
		};
		4464C0FE1C97D8530092B91D /* Sources */ = {
			isa = PBXSourcesBuildPhase;
			buildActionMask = 2147483647;
			files = (
				4464C1071C97D8530092B91D /* LZjadianUITests.m in Sources */,
			);
			runOnlyForDeploymentPostprocessing = 0;
		};
/* End PBXSourcesBuildPhase section */

/* Begin PBXTargetDependency section */
		4464C0F91C97D8530092B91D /* PBXTargetDependency */ = {
			isa = PBXTargetDependency;
			target = 4464C0DD1C97D8530092B91D /* LZjadian */;
			targetProxy = 4464C0F81C97D8530092B91D /* PBXContainerItemProxy */;
		};
		4464C1041C97D8530092B91D /* PBXTargetDependency */ = {
			isa = PBXTargetDependency;
			target = 4464C0DD1C97D8530092B91D /* LZjadian */;
			targetProxy = 4464C1031C97D8530092B91D /* PBXContainerItemProxy */;
		};
/* End PBXTargetDependency section */

/* Begin PBXVariantGroup section */
		4464C0EA1C97D8530092B91D /* Main.storyboard */ = {
			isa = PBXVariantGroup;
			children = (
				4464C0EB1C97D8530092B91D /* Base */,
			);
			name = Main.storyboard;
			sourceTree = "<group>";
		};
		4464C0EF1C97D8530092B91D /* LaunchScreen.storyboard */ = {
			isa = PBXVariantGroup;
			children = (
				4464C0F01C97D8530092B91D /* Base */,
			);
			name = LaunchScreen.storyboard;
			sourceTree = "<group>";
		};
/* End PBXVariantGroup section */

/* Begin XCBuildConfiguration section */
		4464C1091C97D8530092B91D /* Debug */ = {
			isa = XCBuildConfiguration;
			buildSettings = {
				ALWAYS_SEARCH_USER_PATHS = NO;
				CLANG_CXX_LANGUAGE_STANDARD = "gnu++0x";
				CLANG_CXX_LIBRARY = "libc++";
				CLANG_ENABLE_MODULES = YES;
				CLANG_ENABLE_OBJC_ARC = YES;
				CLANG_WARN_BOOL_CONVERSION = YES;
				CLANG_WARN_CONSTANT_CONVERSION = YES;
				CLANG_WARN_DIRECT_OBJC_ISA_USAGE = YES_ERROR;
				CLANG_WARN_EMPTY_BODY = YES;
				CLANG_WARN_ENUM_CONVERSION = YES;
				CLANG_WARN_INT_CONVERSION = YES;
				CLANG_WARN_OBJC_ROOT_CLASS = YES_ERROR;
				CLANG_WARN_UNREACHABLE_CODE = YES;
				CLANG_WARN__DUPLICATE_METHOD_MATCH = YES;
				"CODE_SIGN_IDENTITY[sdk=iphoneos*]" = "iPhone Developer";
				COPY_PHASE_STRIP = NO;
				DEBUG_INFORMATION_FORMAT = dwarf;
				ENABLE_STRICT_OBJC_MSGSEND = YES;
				ENABLE_TESTABILITY = YES;
				GCC_C_LANGUAGE_STANDARD = gnu99;
				GCC_DYNAMIC_NO_PIC = NO;
				GCC_NO_COMMON_BLOCKS = YES;
				GCC_OPTIMIZATION_LEVEL = 0;
				GCC_PREPROCESSOR_DEFINITIONS = (
					"DEBUG=1",
					"$(inherited)",
				);
				GCC_WARN_64_TO_32_BIT_CONVERSION = YES;
				GCC_WARN_ABOUT_RETURN_TYPE = YES_ERROR;
				GCC_WARN_UNDECLARED_SELECTOR = YES;
				GCC_WARN_UNINITIALIZED_AUTOS = YES_AGGRESSIVE;
				GCC_WARN_UNUSED_FUNCTION = YES;
				GCC_WARN_UNUSED_VARIABLE = YES;
				IPHONEOS_DEPLOYMENT_TARGET = 9.2;
				MTL_ENABLE_DEBUG_INFO = YES;
				ONLY_ACTIVE_ARCH = YES;
				SDKROOT = iphoneos;
				TARGETED_DEVICE_FAMILY = "1,2";
			};
			name = Debug;
		};
		4464C10A1C97D8530092B91D /* Release */ = {
			isa = XCBuildConfiguration;
			buildSettings = {
				ALWAYS_SEARCH_USER_PATHS = NO;
				CLANG_CXX_LANGUAGE_STANDARD = "gnu++0x";
				CLANG_CXX_LIBRARY = "libc++";
				CLANG_ENABLE_MODULES = YES;
				CLANG_ENABLE_OBJC_ARC = YES;
				CLANG_WARN_BOOL_CONVERSION = YES;
				CLANG_WARN_CONSTANT_CONVERSION = YES;
				CLANG_WARN_DIRECT_OBJC_ISA_USAGE = YES_ERROR;
				CLANG_WARN_EMPTY_BODY = YES;
				CLANG_WARN_ENUM_CONVERSION = YES;
				CLANG_WARN_INT_CONVERSION = YES;
				CLANG_WARN_OBJC_ROOT_CLASS = YES_ERROR;
				CLANG_WARN_UNREACHABLE_CODE = YES;
				CLANG_WARN__DUPLICATE_METHOD_MATCH = YES;
				"CODE_SIGN_IDENTITY[sdk=iphoneos*]" = "iPhone Developer";
				COPY_PHASE_STRIP = NO;
				DEBUG_INFORMATION_FORMAT = "dwarf-with-dsym";
				ENABLE_NS_ASSERTIONS = NO;
				ENABLE_STRICT_OBJC_MSGSEND = YES;
				GCC_C_LANGUAGE_STANDARD = gnu99;
				GCC_NO_COMMON_BLOCKS = YES;
				GCC_WARN_64_TO_32_BIT_CONVERSION = YES;
				GCC_WARN_ABOUT_RETURN_TYPE = YES_ERROR;
				GCC_WARN_UNDECLARED_SELECTOR = YES;
				GCC_WARN_UNINITIALIZED_AUTOS = YES_AGGRESSIVE;
				GCC_WARN_UNUSED_FUNCTION = YES;
				GCC_WARN_UNUSED_VARIABLE = YES;
				IPHONEOS_DEPLOYMENT_TARGET = 9.2;
				MTL_ENABLE_DEBUG_INFO = NO;
				SDKROOT = iphoneos;
				TARGETED_DEVICE_FAMILY = "1,2";
				VALIDATE_PRODUCT = YES;
			};
			name = Release;
		};
		4464C10C1C97D8530092B91D /* Debug */ = {
			isa = XCBuildConfiguration;
			buildSettings = {
				ASSETCATALOG_COMPILER_APPICON_NAME = AppIcon;
				INFOPLIST_FILE = LZjadian/Info.plist;
				LD_RUNPATH_SEARCH_PATHS = "$(inherited) @executable_path/Frameworks";
				PRODUCT_BUNDLE_IDENTIFIER = langzhou.LZjadian;
				PRODUCT_NAME = "$(TARGET_NAME)";
			};
			name = Debug;
		};
		4464C10D1C97D8530092B91D /* Release */ = {
			isa = XCBuildConfiguration;
			buildSettings = {
				ASSETCATALOG_COMPILER_APPICON_NAME = AppIcon;
				INFOPLIST_FILE = LZjadian/Info.plist;
				LD_RUNPATH_SEARCH_PATHS = "$(inherited) @executable_path/Frameworks";
				PRODUCT_BUNDLE_IDENTIFIER = langzhou.LZjadian;
				PRODUCT_NAME = "$(TARGET_NAME)";
			};
			name = Release;
		};
		4464C10F1C97D8530092B91D /* Debug */ = {
			isa = XCBuildConfiguration;
			buildSettings = {
				BUNDLE_LOADER = "$(TEST_HOST)";
				INFOPLIST_FILE = LZjadianTests/Info.plist;
				LD_RUNPATH_SEARCH_PATHS = "$(inherited) @executable_path/Frameworks @loader_path/Frameworks";
				PRODUCT_BUNDLE_IDENTIFIER = langzhou.LZjadianTests;
				PRODUCT_NAME = "$(TARGET_NAME)";
				TEST_HOST = "$(BUILT_PRODUCTS_DIR)/LZjadian.app/LZjadian";
			};
			name = Debug;
		};
		4464C1101C97D8530092B91D /* Release */ = {
			isa = XCBuildConfiguration;
			buildSettings = {
				BUNDLE_LOADER = "$(TEST_HOST)";
				INFOPLIST_FILE = LZjadianTests/Info.plist;
				LD_RUNPATH_SEARCH_PATHS = "$(inherited) @executable_path/Frameworks @loader_path/Frameworks";
				PRODUCT_BUNDLE_IDENTIFIER = langzhou.LZjadianTests;
				PRODUCT_NAME = "$(TARGET_NAME)";
				TEST_HOST = "$(BUILT_PRODUCTS_DIR)/LZjadian.app/LZjadian";
			};
			name = Release;
		};
		4464C1121C97D8530092B91D /* Debug */ = {
			isa = XCBuildConfiguration;
			buildSettings = {
				INFOPLIST_FILE = LZjadianUITests/Info.plist;
				LD_RUNPATH_SEARCH_PATHS = "$(inherited) @executable_path/Frameworks @loader_path/Frameworks";
				PRODUCT_BUNDLE_IDENTIFIER = langzhou.LZjadianUITests;
				PRODUCT_NAME = "$(TARGET_NAME)";
				TEST_TARGET_NAME = LZjadian;
				USES_XCTRUNNER = YES;
			};
			name = Debug;
		};
		4464C1131C97D8530092B91D /* Release */ = {
			isa = XCBuildConfiguration;
			buildSettings = {
				INFOPLIST_FILE = LZjadianUITests/Info.plist;
				LD_RUNPATH_SEARCH_PATHS = "$(inherited) @executable_path/Frameworks @loader_path/Frameworks";
				PRODUCT_BUNDLE_IDENTIFIER = langzhou.LZjadianUITests;
				PRODUCT_NAME = "$(TARGET_NAME)";
				TEST_TARGET_NAME = LZjadian;
				USES_XCTRUNNER = YES;
			};
			name = Release;
		};
/* End XCBuildConfiguration section */

/* Begin XCConfigurationList section */
		4464C0D91C97D8530092B91D /* Build configuration list for PBXProject "LZjadian" */ = {
			isa = XCConfigurationList;
			buildConfigurations = (
				4464C1091C97D8530092B91D /* Debug */,
				4464C10A1C97D8530092B91D /* Release */,
			);
			defaultConfigurationIsVisible = 0;
			defaultConfigurationName = Release;
		};
		4464C10B1C97D8530092B91D /* Build configuration list for PBXNativeTarget "LZjadian" */ = {
			isa = XCConfigurationList;
			buildConfigurations = (
				4464C10C1C97D8530092B91D /* Debug */,
				4464C10D1C97D8530092B91D /* Release */,
			);
			defaultConfigurationIsVisible = 0;
		};
		4464C10E1C97D8530092B91D /* Build configuration list for PBXNativeTarget "LZjadianTests" */ = {
			isa = XCConfigurationList;
			buildConfigurations = (
				4464C10F1C97D8530092B91D /* Debug */,
				4464C1101C97D8530092B91D /* Release */,
			);
			defaultConfigurationIsVisible = 0;
		};
		4464C1111C97D8530092B91D /* Build configuration list for PBXNativeTarget "LZjadianUITests" */ = {
			isa = XCConfigurationList;
			buildConfigurations = (
				4464C1121C97D8530092B91D /* Debug */,
				4464C1131C97D8530092B91D /* Release */,
			);
			defaultConfigurationIsVisible = 0;
		};
/* End XCConfigurationList section */
	};
	rootObject = 4464C0D61C97D8530092B91D /* Project object */;
}
